
Microsoft Visual Studio Solution File, Format Version 12.00
# Visual Studio Version 16
VisualStudioVersion = 16.0.30611.23
MinimumVisualStudioVersion = 10.0.40219.1
Project("{FAE04EC0-301F-11D3-BF4B-00C04F79EFBC}") = "VentePc", "VentePc\VentePc.csproj", "{2F7A70AF-9878-47A2-8CB8-27C66160D7CF}"
EndProject
Global
	GlobalSection(SolutionConfigurationPlatforms) = preSolution
		Debug|Any CPU = Debug|Any CPU
		Release|Any CPU = Release|Any CPU
	EndGlobalSection
	GlobalSection(ProjectConfigurationPlatforms) = postSolution
		{2F7A70AF-9878-47A2-8CB8-27C66160D7CF}.Debug|Any CPU.ActiveCfg = Debug|Any CPU
		{2F7A70AF-9878-47A2-8CB8-27C66160D7CF}.Debug|Any CPU.Build.0 = Debug|Any CPU
		{2F7A70AF-9878-47A2-8CB8-27C66160D7CF}.Release|Any CPU.ActiveCfg = Release|Any CPU
		{2F7A70AF-9878-47A2-8CB8-27C66160D7CF}.Release|Any CPU.Build.0 = Release|Any CPU
	EndGlobalSection
	GlobalSection(SolutionProperties) = preSolution
		HideSolutionNode = FALSE
	EndGlobalSection
	GlobalSection(ExtensibilityGlobals) = postSolution
		SolutionGuid = {0C41CB19-3BBB-4A4A-934B-0177D228CEA5}
	EndGlobalSection
EndGlobal
